{"1.1.0",
[{<<"opentelemetry">>,{pkg,<<"opentelemetry">>,<<"0.4.1">>},0},
 {<<"opentelemetry_api">>,{pkg,<<"opentelemetry_api">>,<<"0.4.1">>},0}]}.
[
{pkg_hash,[
 {<<"opentelemetry">>, <<"519F0E2DAA89D1C4A0FB37310DB9828EE89181E6CFF349F6B1FDBDA2FC4441E5">>},
 {<<"opentelemetry_api">>, <<"AFCE47063E099407DAA105BF25E2AAE75822F3C25B61A213F9328FF40AE6C448">>}]}
].
